
Microsoft Visual Studio Solution File, Format Version 12.00
# Visual Studio Version 16
VisualStudioVersion = 16.0.31613.86
MinimumVisualStudioVersion = 10.0.40219.1
Project("{FAE04EC0-301F-11D3-BF4B-00C04F79EFBC}") = "Cloudburst2", "Cloudburst2\Cloudburst2.csproj", "{1176AE15-B86A-4BE2-87D0-3E768661BFD3}"
EndProject
Global
	GlobalSection(SolutionConfigurationPlatforms) = preSolution
		Debug|Any CPU = Debug|Any CPU
		Release|Any CPU = Release|Any CPU
	EndGlobalSection
	GlobalSection(ProjectConfigurationPlatforms) = postSolution
		{1176AE15-B86A-4BE2-87D0-3E768661BFD3}.Debug|Any CPU.ActiveCfg = Debug|Any CPU
		{1176AE15-B86A-4BE2-87D0-3E768661BFD3}.Debug|Any CPU.Build.0 = Debug|Any CPU
		{1176AE15-B86A-4BE2-87D0-3E768661BFD3}.Release|Any CPU.ActiveCfg = Release|Any CPU
		{1176AE15-B86A-4BE2-87D0-3E768661BFD3}.Release|Any CPU.Build.0 = Release|Any CPU
	EndGlobalSection
	GlobalSection(SolutionProperties) = preSolution
		HideSolutionNode = FALSE
	EndGlobalSection
	GlobalSection(ExtensibilityGlobals) = postSolution
		SolutionGuid = {35BBFFC0-A59A-4CCF-88E9-8945ACADADA2}
	EndGlobalSection
EndGlobal
